
Microsoft Visual Studio Solution File, Format Version 12.00
# Visual Studio 15
VisualStudioVersion = 15.0.28307.271
MinimumVisualStudioVersion = 10.0.40219.1
Project("{FAE04EC0-301F-11D3-BF4B-00C04F79EFBC}") = "SP.MEDICAL.GROUP.WebApi", "SP.MEDICAL.GROUP.WebApi\SP.MEDICAL.GROUP.WebApi.csproj", "{A6882864-3550-4124-B181-B36FEE922957}"
EndProject
Global
	GlobalSection(SolutionConfigurationPlatforms) = preSolution
		Debug|Any CPU = Debug|Any CPU
		Release|Any CPU = Release|Any CPU
	EndGlobalSection
	GlobalSection(ProjectConfigurationPlatforms) = postSolution
		{A6882864-3550-4124-B181-B36FEE922957}.Debug|Any CPU.ActiveCfg = Debug|Any CPU
		{A6882864-3550-4124-B181-B36FEE922957}.Debug|Any CPU.Build.0 = Debug|Any CPU
		{A6882864-3550-4124-B181-B36FEE922957}.Release|Any CPU.ActiveCfg = Release|Any CPU
		{A6882864-3550-4124-B181-B36FEE922957}.Release|Any CPU.Build.0 = Release|Any CPU
	EndGlobalSection
	GlobalSection(SolutionProperties) = preSolution
		HideSolutionNode = FALSE
	EndGlobalSection
	GlobalSection(ExtensibilityGlobals) = postSolution
		SolutionGuid = {47A575A0-4BA6-4AE5-AEF9-FBE192A38DB1}
	EndGlobalSection
EndGlobal
